
Microsoft Visual Studio Solution File, Format Version 12.00
Project("{FAE04EC0-301F-11D3-BF4B-00C04F79EFBC}") = "VSSiding", "VSSiding\VSSiding.csproj", "{325AE049-7AFA-4365-97A6-05ABC286E41D}"
EndProject
Project("{FAE04EC0-301F-11D3-BF4B-00C04F79EFBC}") = "CakeBuild", "CakeBuild\CakeBuild.csproj", "{BB38D66B-6591-4663-8CB8-1D31BD167D0A}"
EndProject
Project("{FAE04EC0-301F-11D3-BF4B-00C04F79EFBC}") = "VSSiding.Tests", "VSSiding.Tests\VSSiding.Tests.csproj", "{CF98381C-718C-40F2-B496-00EF821FA686}"
EndProject
Global
	GlobalSection(SolutionConfigurationPlatforms) = preSolution
		Debug|Any CPU = Debug|Any CPU
		Debug|x64 = Debug|x64
		Debug|x86 = Debug|x86
		Release|Any CPU = Release|Any CPU
		Release|x64 = Release|x64
		Release|x86 = Release|x86
	EndGlobalSection
	GlobalSection(ProjectConfigurationPlatforms) = postSolution
		{325AE049-7AFA-4365-97A6-05ABC286E41D}.Debug|Any CPU.ActiveCfg = Debug|Any CPU
		{325AE049-7AFA-4365-97A6-05ABC286E41D}.Debug|Any CPU.Build.0 = Debug|Any CPU
		{325AE049-7AFA-4365-97A6-05ABC286E41D}.Debug|x64.ActiveCfg = Debug|Any CPU
		{325AE049-7AFA-4365-97A6-05ABC286E41D}.Debug|x64.Build.0 = Debug|Any CPU
		{325AE049-7AFA-4365-97A6-05ABC286E41D}.Debug|x86.ActiveCfg = Debug|Any CPU
		{325AE049-7AFA-4365-97A6-05ABC286E41D}.Debug|x86.Build.0 = Debug|Any CPU
		{325AE049-7AFA-4365-97A6-05ABC286E41D}.Release|Any CPU.ActiveCfg = Release|Any CPU
		{325AE049-7AFA-4365-97A6-05ABC286E41D}.Release|Any CPU.Build.0 = Release|Any CPU
		{325AE049-7AFA-4365-97A6-05ABC286E41D}.Release|x64.ActiveCfg = Release|Any CPU
		{325AE049-7AFA-4365-97A6-05ABC286E41D}.Release|x64.Build.0 = Release|Any CPU
		{325AE049-7AFA-4365-97A6-05ABC286E41D}.Release|x86.ActiveCfg = Release|Any CPU
		{325AE049-7AFA-4365-97A6-05ABC286E41D}.Release|x86.Build.0 = Release|Any CPU
		{BB38D66B-6591-4663-8CB8-1D31BD167D0A}.Debug|Any CPU.ActiveCfg = Debug|Any CPU
		{BB38D66B-6591-4663-8CB8-1D31BD167D0A}.Debug|Any CPU.Build.0 = Debug|Any CPU
		{BB38D66B-6591-4663-8CB8-1D31BD167D0A}.Debug|x64.ActiveCfg = Debug|Any CPU
		{BB38D66B-6591-4663-8CB8-1D31BD167D0A}.Debug|x64.Build.0 = Debug|Any CPU
		{BB38D66B-6591-4663-8CB8-1D31BD167D0A}.Debug|x86.ActiveCfg = Debug|Any CPU
		{BB38D66B-6591-4663-8CB8-1D31BD167D0A}.Debug|x86.Build.0 = Debug|Any CPU
		{BB38D66B-6591-4663-8CB8-1D31BD167D0A}.Release|Any CPU.ActiveCfg = Release|Any CPU
		{BB38D66B-6591-4663-8CB8-1D31BD167D0A}.Release|Any CPU.Build.0 = Release|Any CPU
		{BB38D66B-6591-4663-8CB8-1D31BD167D0A}.Release|x64.ActiveCfg = Release|Any CPU
		{BB38D66B-6591-4663-8CB8-1D31BD167D0A}.Release|x64.Build.0 = Release|Any CPU
		{BB38D66B-6591-4663-8CB8-1D31BD167D0A}.Release|x86.ActiveCfg = Release|Any CPU
		{BB38D66B-6591-4663-8CB8-1D31BD167D0A}.Release|x86.Build.0 = Release|Any CPU
		{CF98381C-718C-40F2-B496-00EF821FA686}.Debug|Any CPU.ActiveCfg = Debug|Any CPU
		{CF98381C-718C-40F2-B496-00EF821FA686}.Debug|Any CPU.Build.0 = Debug|Any CPU
		{CF98381C-718C-40F2-B496-00EF821FA686}.Debug|x64.ActiveCfg = Debug|Any CPU
		{CF98381C-718C-40F2-B496-00EF821FA686}.Debug|x64.Build.0 = Debug|Any CPU
		{CF98381C-718C-40F2-B496-00EF821FA686}.Debug|x86.ActiveCfg = Debug|Any CPU
		{CF98381C-718C-40F2-B496-00EF821FA686}.Debug|x86.Build.0 = Debug|Any CPU
		{CF98381C-718C-40F2-B496-00EF821FA686}.Release|Any CPU.ActiveCfg = Release|Any CPU
		{CF98381C-718C-40F2-B496-00EF821FA686}.Release|Any CPU.Build.0 = Release|Any CPU
		{CF98381C-718C-40F2-B496-00EF821FA686}.Release|x64.ActiveCfg = Release|Any CPU
		{CF98381C-718C-40F2-B496-00EF821FA686}.Release|x64.Build.0 = Release|Any CPU
		{CF98381C-718C-40F2-B496-00EF821FA686}.Release|x86.ActiveCfg = Release|Any CPU
		{CF98381C-718C-40F2-B496-00EF821FA686}.Release|x86.Build.0 = Release|Any CPU
	EndGlobalSection
	GlobalSection(SolutionProperties) = preSolution
		HideSolutionNode = FALSE
	EndGlobalSection
EndGlobal
